
Microsoft Visual Studio Solution File, Format Version 12.00
# Visual Studio Version 17
VisualStudioVersion = 17.14.36429.23
MinimumVisualStudioVersion = 10.0.40219.1
Project("{2150E333-8FDC-42A3-9474-1A3956D46DE8}") = "Task0", "Task0", "{02EA681E-C7D8-13C7-8484-4AC65E1B71E8}"
EndProject
Project("{FAE04EC0-301F-11D3-BF4B-00C04F79EFBC}") = "Tyuiu.MatveevaAA.Sprint0.Task0.V0", "Tyuiu.MatveevaAA.Sprint0.Task0.V0\Tyuiu.MatveevaAA.Sprint0.Task0.V0.csproj", "{7FBE4740-64AC-4A8C-A167-09E0F46F791B}"
EndProject
Project("{2150E333-8FDC-42A3-9474-1A3956D46DE8}") = "Task1", "Task1", "{1FB775A1-CAC9-4128-8626-AD4541FEBABC}"
EndProject
Project("{FAE04EC0-301F-11D3-BF4B-00C04F79EFBC}") = "Tyuiu.MatveevaAA.Sprint0.Task1.V0", "Tyuiu.MatveevaAA.Sprint0.Task1.V0\Tyuiu.MatveevaAA.Sprint0.Task1.V0.csproj", "{92241A8C-62FB-45F9-A647-A5ACF1C52ADF}"
EndProject
Project("{2150E333-8FDC-42A3-9474-1A3956D46DE8}") = "Task2", "Task2", "{84026330-0E66-4F35-A135-0A9375412323}"
EndProject
Project("{FAE04EC0-301F-11D3-BF4B-00C04F79EFBC}") = "Tyuiu.MatveevaAA.Sprint0.Task2.V0", "Tyuiu.MatveevaAA.Sprint0.Task2.V0\Tyuiu.MatveevaAA.Sprint0.Task2.V0.csproj", "{08CC731E-C52D-410D-833F-8F4B49307B7A}"
EndProject
Project("{FAE04EC0-301F-11D3-BF4B-00C04F79EFBC}") = "Tyuiu.MatveevaAA.Sprint0.Task2.V0.Lib", "Tyuiu.MatveevaAA.Sprint0.Task2.V0.Lib\Tyuiu.MatveevaAA.Sprint0.Task2.V0.Lib.csproj", "{806F1C94-C583-4DAB-B9C0-BFB6FB84E6B0}"
EndProject
Project("{FAE04EC0-301F-11D3-BF4B-00C04F79EFBC}") = "Tyuiu.MatveevaAA.Sprint0.Task2.V0.Test", "Tyuiu.MatveevaAA.Sprint0.Task2.V0.Test\Tyuiu.MatveevaAA.Sprint0.Task2.V0.Test.csproj", "{1D9B0599-6E28-4BDB-A132-36BF6CEA4324}"
EndProject
Project("{2150E333-8FDC-42A3-9474-1A3956D46DE8}") = "Task3", "Task3", "{1376F5EC-4A55-4D2F-9E72-0AA176E2FDA4}"
EndProject
Project("{FAE04EC0-301F-11D3-BF4B-00C04F79EFBC}") = "Tyuiu.MatveevaAA.Sprint0.Task3.V0", "Tyuiu.MatveevaAA.Sprint0.Task3.V0\Tyuiu.MatveevaAA.Sprint0.Task3.V0.csproj", "{BFA40148-0F7C-4FD4-B6D0-E37C4864028B}"
EndProject
Project("{FAE04EC0-301F-11D3-BF4B-00C04F79EFBC}") = "Tyuiu.MatveevaAA.Sprint0.Task3.V0.Lib", "Tyuiu.MatveevaAA.Sprint0.Task3.V0.Lib\Tyuiu.MatveevaAA.Sprint0.Task3.V0.Lib.csproj", "{BCBF2A7B-92B3-423B-9DC7-4EE8FE5FB313}"
EndProject
Project("{FAE04EC0-301F-11D3-BF4B-00C04F79EFBC}") = "Tyuiu.MatveevaAA.Sprint0.Task3.V0.Test", "Tyuiu.MatveevaAA.Sprint0.Task3.V0.Test\Tyuiu.MatveevaAA.Sprint0.Task3.V0.Test.csproj", "{1678779E-DB73-415B-862A-A0CB4333A2BE}"
EndProject
Project("{2150E333-8FDC-42A3-9474-1A3956D46DE8}") = "Task4", "Task4", "{C386C155-B1F3-4FC9-92DF-BBDEFED22F76}"
EndProject
Project("{FAE04EC0-301F-11D3-BF4B-00C04F79EFBC}") = "Tyuiu.MatveevaAA.Sprint0.Task4.V0", "Tyuiu.MatveevaAA.Sprint0.Task4.V0\Tyuiu.MatveevaAA.Sprint0.Task4.V0.csproj", "{79C657E3-66C2-4D4A-BB16-F45EB2742296}"
EndProject
Project("{FAE04EC0-301F-11D3-BF4B-00C04F79EFBC}") = "Tyuiu.MatveevaAA.Sprint0.Task4.V0.Lib", "Tyuiu.MatveevaAA.Sprint0.Task4.V0.Lib\Tyuiu.MatveevaAA.Sprint0.Task4.V0.Lib.csproj", "{73FDCAF9-841C-4C29-952F-3E1DFC6B4E21}"
EndProject
Project("{FAE04EC0-301F-11D3-BF4B-00C04F79EFBC}") = "Tyuiu.MatveevaAA.Sprint0.Task4.V0.Test", "Tyuiu.MatveevaAA.Sprint0.Task4.V0.Test\Tyuiu.MatveevaAA.Sprint0.Task4.V0.Test.csproj", "{9F1D39D8-B345-4F11-99CE-7E4C55F296E1}"
EndProject
Project("{2150E333-8FDC-42A3-9474-1A3956D46DE8}") = "Task5", "Task5", "{A0D781B3-8405-499A-ACE4-E64AAEA63C22}"
EndProject
Project("{FAE04EC0-301F-11D3-BF4B-00C04F79EFBC}") = "Tyuiu.MatveevaAA.Sprint0.Task5.V0.Test", "Tyuiu.MatveevaAA.Sprint0.Task5.V0.Test\Tyuiu.MatveevaAA.Sprint0.Task5.V0.Test.csproj", "{C565ABC3-4892-421D-9400-3D7A154ADDC6}"
EndProject
Project("{FAE04EC0-301F-11D3-BF4B-00C04F79EFBC}") = "Tyuiu.MatveevaAA.Sprint0.Task5.V0", "Tyuiu.MatveevaAA.Sprint0.Task5.V0\Tyuiu.MatveevaAA.Sprint0.Task5.V0.csproj", "{951A0A62-9DF1-4890-9689-16C4312F1EB4}"
EndProject
Project("{FAE04EC0-301F-11D3-BF4B-00C04F79EFBC}") = "Tyuiu.MatveevaAA.Sprint0.Task5.V0.Lib", "Tyuiu.MatveevaAA.Sprint0.Task5.V0.Lib\Tyuiu.MatveevaAA.Sprint0.Task5.V0.Lib.csproj", "{F9714B67-EB0B-43E4-BF72-4550090DBB91}"
EndProject
Project("{2150E333-8FDC-42A3-9474-1A3956D46DE8}") = "Task6", "Task6", "{9789C7A5-7778-4DDF-8223-FA7432398234}"
EndProject
Project("{FAE04EC0-301F-11D3-BF4B-00C04F79EFBC}") = "Tyuiu.MatveevaAA.Sprint0.Task6.V0", "Tyuiu.MatveevaAA.Sprint0.Task6.V0\Tyuiu.MatveevaAA.Sprint0.Task6.V0.csproj", "{7E159F22-4928-4529-8FF7-E163586ED167}"
EndProject
Project("{FAE04EC0-301F-11D3-BF4B-00C04F79EFBC}") = "Tyuiu.MatveevaAA.Sprint0.Task6.V0.Lib", "Tyuiu.MatveevaAA.Sprint0.Task6.V0.Lib\Tyuiu.MatveevaAA.Sprint0.Task6.V0.Lib.csproj", "{CEC6A9F4-E2CF-46F2-98D1-E38D01AD0D9A}"
EndProject
Project("{FAE04EC0-301F-11D3-BF4B-00C04F79EFBC}") = "Tyuiu.MatveevaAA.Sprint0.Task6.V0.Test", "Tyuiu.MatveevaAA.Sprint0.Task6.V0.Test\Tyuiu.MatveevaAA.Sprint0.Task6.V0.Test.csproj", "{690FC0B6-A25C-432C-82A8-B4150CF83F8B}"
EndProject
Global
	GlobalSection(SolutionConfigurationPlatforms) = preSolution
		Debug|Any CPU = Debug|Any CPU
		Release|Any CPU = Release|Any CPU
	EndGlobalSection
	GlobalSection(ProjectConfigurationPlatforms) = postSolution
		{7FBE4740-64AC-4A8C-A167-09E0F46F791B}.Debug|Any CPU.ActiveCfg = Debug|Any CPU
		{7FBE4740-64AC-4A8C-A167-09E0F46F791B}.Debug|Any CPU.Build.0 = Debug|Any CPU
		{7FBE4740-64AC-4A8C-A167-09E0F46F791B}.Release|Any CPU.ActiveCfg = Release|Any CPU
		{7FBE4740-64AC-4A8C-A167-09E0F46F791B}.Release|Any CPU.Build.0 = Release|Any CPU
		{92241A8C-62FB-45F9-A647-A5ACF1C52ADF}.Debug|Any CPU.ActiveCfg = Debug|Any CPU
		{92241A8C-62FB-45F9-A647-A5ACF1C52ADF}.Debug|Any CPU.Build.0 = Debug|Any CPU
		{92241A8C-62FB-45F9-A647-A5ACF1C52ADF}.Release|Any CPU.ActiveCfg = Release|Any CPU
		{92241A8C-62FB-45F9-A647-A5ACF1C52ADF}.Release|Any CPU.Build.0 = Release|Any CPU
		{08CC731E-C52D-410D-833F-8F4B49307B7A}.Debug|Any CPU.ActiveCfg = Debug|Any CPU
		{08CC731E-C52D-410D-833F-8F4B49307B7A}.Debug|Any CPU.Build.0 = Debug|Any CPU
		{08CC731E-C52D-410D-833F-8F4B49307B7A}.Release|Any CPU.ActiveCfg = Release|Any CPU
		{08CC731E-C52D-410D-833F-8F4B49307B7A}.Release|Any CPU.Build.0 = Release|Any CPU
		{806F1C94-C583-4DAB-B9C0-BFB6FB84E6B0}.Debug|Any CPU.ActiveCfg = Debug|Any CPU
		{806F1C94-C583-4DAB-B9C0-BFB6FB84E6B0}.Debug|Any CPU.Build.0 = Debug|Any CPU
		{806F1C94-C583-4DAB-B9C0-BFB6FB84E6B0}.Release|Any CPU.ActiveCfg = Release|Any CPU
		{806F1C94-C583-4DAB-B9C0-BFB6FB84E6B0}.Release|Any CPU.Build.0 = Release|Any CPU
		{1D9B0599-6E28-4BDB-A132-36BF6CEA4324}.Debug|Any CPU.ActiveCfg = Debug|Any CPU
		{1D9B0599-6E28-4BDB-A132-36BF6CEA4324}.Debug|Any CPU.Build.0 = Debug|Any CPU
		{1D9B0599-6E28-4BDB-A132-36BF6CEA4324}.Release|Any CPU.ActiveCfg = Release|Any CPU
		{1D9B0599-6E28-4BDB-A132-36BF6CEA4324}.Release|Any CPU.Build.0 = Release|Any CPU
		{BFA40148-0F7C-4FD4-B6D0-E37C4864028B}.Debug|Any CPU.ActiveCfg = Debug|Any CPU
		{BFA40148-0F7C-4FD4-B6D0-E37C4864028B}.Debug|Any CPU.Build.0 = Debug|Any CPU
		{BFA40148-0F7C-4FD4-B6D0-E37C4864028B}.Release|Any CPU.ActiveCfg = Release|Any CPU
		{BFA40148-0F7C-4FD4-B6D0-E37C4864028B}.Release|Any CPU.Build.0 = Release|Any CPU
		{BCBF2A7B-92B3-423B-9DC7-4EE8FE5FB313}.Debug|Any CPU.ActiveCfg = Debug|Any CPU
		{BCBF2A7B-92B3-423B-9DC7-4EE8FE5FB313}.Debug|Any CPU.Build.0 = Debug|Any CPU
		{BCBF2A7B-92B3-423B-9DC7-4EE8FE5FB313}.Release|Any CPU.ActiveCfg = Release|Any CPU
		{BCBF2A7B-92B3-423B-9DC7-4EE8FE5FB313}.Release|Any CPU.Build.0 = Release|Any CPU
		{1678779E-DB73-415B-862A-A0CB4333A2BE}.Debug|Any CPU.ActiveCfg = Debug|Any CPU
		{1678779E-DB73-415B-862A-A0CB4333A2BE}.Debug|Any CPU.Build.0 = Debug|Any CPU
		{1678779E-DB73-415B-862A-A0CB4333A2BE}.Release|Any CPU.ActiveCfg = Release|Any CPU
		{1678779E-DB73-415B-862A-A0CB4333A2BE}.Release|Any CPU.Build.0 = Release|Any CPU
		{79C657E3-66C2-4D4A-BB16-F45EB2742296}.Debug|Any CPU.ActiveCfg = Debug|Any CPU
		{79C657E3-66C2-4D4A-BB16-F45EB2742296}.Debug|Any CPU.Build.0 = Debug|Any CPU
		{79C657E3-66C2-4D4A-BB16-F45EB2742296}.Release|Any CPU.ActiveCfg = Release|Any CPU
		{79C657E3-66C2-4D4A-BB16-F45EB2742296}.Release|Any CPU.Build.0 = Release|Any CPU
		{73FDCAF9-841C-4C29-952F-3E1DFC6B4E21}.Debug|Any CPU.ActiveCfg = Debug|Any CPU
		{73FDCAF9-841C-4C29-952F-3E1DFC6B4E21}.Debug|Any CPU.Build.0 = Debug|Any CPU
		{73FDCAF9-841C-4C29-952F-3E1DFC6B4E21}.Release|Any CPU.ActiveCfg = Release|Any CPU
		{73FDCAF9-841C-4C29-952F-3E1DFC6B4E21}.Release|Any CPU.Build.0 = Release|Any CPU
		{9F1D39D8-B345-4F11-99CE-7E4C55F296E1}.Debug|Any CPU.ActiveCfg = Debug|Any CPU
		{9F1D39D8-B345-4F11-99CE-7E4C55F296E1}.Debug|Any CPU.Build.0 = Debug|Any CPU
		{9F1D39D8-B345-4F11-99CE-7E4C55F296E1}.Release|Any CPU.ActiveCfg = Release|Any CPU
		{9F1D39D8-B345-4F11-99CE-7E4C55F296E1}.Release|Any CPU.Build.0 = Release|Any CPU
		{C565ABC3-4892-421D-9400-3D7A154ADDC6}.Debug|Any CPU.ActiveCfg = Debug|Any CPU
		{C565ABC3-4892-421D-9400-3D7A154ADDC6}.Debug|Any CPU.Build.0 = Debug|Any CPU
		{C565ABC3-4892-421D-9400-3D7A154ADDC6}.Release|Any CPU.ActiveCfg = Release|Any CPU
		{C565ABC3-4892-421D-9400-3D7A154ADDC6}.Release|Any CPU.Build.0 = Release|Any CPU
		{951A0A62-9DF1-4890-9689-16C4312F1EB4}.Debug|Any CPU.ActiveCfg = Debug|Any CPU
		{951A0A62-9DF1-4890-9689-16C4312F1EB4}.Debug|Any CPU.Build.0 = Debug|Any CPU
		{951A0A62-9DF1-4890-9689-16C4312F1EB4}.Release|Any CPU.ActiveCfg = Release|Any CPU
		{951A0A62-9DF1-4890-9689-16C4312F1EB4}.Release|Any CPU.Build.0 = Release|Any CPU
		{F9714B67-EB0B-43E4-BF72-4550090DBB91}.Debug|Any CPU.ActiveCfg = Debug|Any CPU
		{F9714B67-EB0B-43E4-BF72-4550090DBB91}.Debug|Any CPU.Build.0 = Debug|Any CPU
		{F9714B67-EB0B-43E4-BF72-4550090DBB91}.Release|Any CPU.ActiveCfg = Release|Any CPU
		{F9714B67-EB0B-43E4-BF72-4550090DBB91}.Release|Any CPU.Build.0 = Release|Any CPU
		{7E159F22-4928-4529-8FF7-E163586ED167}.Debug|Any CPU.ActiveCfg = Debug|Any CPU
		{7E159F22-4928-4529-8FF7-E163586ED167}.Debug|Any CPU.Build.0 = Debug|Any CPU
		{7E159F22-4928-4529-8FF7-E163586ED167}.Release|Any CPU.ActiveCfg = Release|Any CPU
		{7E159F22-4928-4529-8FF7-E163586ED167}.Release|Any CPU.Build.0 = Release|Any CPU
		{CEC6A9F4-E2CF-46F2-98D1-E38D01AD0D9A}.Debug|Any CPU.ActiveCfg = Debug|Any CPU
		{CEC6A9F4-E2CF-46F2-98D1-E38D01AD0D9A}.Debug|Any CPU.Build.0 = Debug|Any CPU
		{CEC6A9F4-E2CF-46F2-98D1-E38D01AD0D9A}.Release|Any CPU.ActiveCfg = Release|Any CPU
		{CEC6A9F4-E2CF-46F2-98D1-E38D01AD0D9A}.Release|Any CPU.Build.0 = Release|Any CPU
		{690FC0B6-A25C-432C-82A8-B4150CF83F8B}.Debug|Any CPU.ActiveCfg = Debug|Any CPU
		{690FC0B6-A25C-432C-82A8-B4150CF83F8B}.Debug|Any CPU.Build.0 = Debug|Any CPU
		{690FC0B6-A25C-432C-82A8-B4150CF83F8B}.Release|Any CPU.ActiveCfg = Release|Any CPU
		{690FC0B6-A25C-432C-82A8-B4150CF83F8B}.Release|Any CPU.Build.0 = Release|Any CPU
	EndGlobalSection
	GlobalSection(SolutionProperties) = preSolution
		HideSolutionNode = FALSE
	EndGlobalSection
	GlobalSection(NestedProjects) = preSolution
		{7FBE4740-64AC-4A8C-A167-09E0F46F791B} = {02EA681E-C7D8-13C7-8484-4AC65E1B71E8}
		{92241A8C-62FB-45F9-A647-A5ACF1C52ADF} = {1FB775A1-CAC9-4128-8626-AD4541FEBABC}
		{08CC731E-C52D-410D-833F-8F4B49307B7A} = {84026330-0E66-4F35-A135-0A9375412323}
		{806F1C94-C583-4DAB-B9C0-BFB6FB84E6B0} = {84026330-0E66-4F35-A135-0A9375412323}
		{1D9B0599-6E28-4BDB-A132-36BF6CEA4324} = {84026330-0E66-4F35-A135-0A9375412323}
		{BFA40148-0F7C-4FD4-B6D0-E37C4864028B} = {1376F5EC-4A55-4D2F-9E72-0AA176E2FDA4}
		{BCBF2A7B-92B3-423B-9DC7-4EE8FE5FB313} = {1376F5EC-4A55-4D2F-9E72-0AA176E2FDA4}
		{1678779E-DB73-415B-862A-A0CB4333A2BE} = {1376F5EC-4A55-4D2F-9E72-0AA176E2FDA4}
		{79C657E3-66C2-4D4A-BB16-F45EB2742296} = {C386C155-B1F3-4FC9-92DF-BBDEFED22F76}
		{73FDCAF9-841C-4C29-952F-3E1DFC6B4E21} = {C386C155-B1F3-4FC9-92DF-BBDEFED22F76}
		{9F1D39D8-B345-4F11-99CE-7E4C55F296E1} = {C386C155-B1F3-4FC9-92DF-BBDEFED22F76}
		{C565ABC3-4892-421D-9400-3D7A154ADDC6} = {A0D781B3-8405-499A-ACE4-E64AAEA63C22}
		{951A0A62-9DF1-4890-9689-16C4312F1EB4} = {A0D781B3-8405-499A-ACE4-E64AAEA63C22}
		{F9714B67-EB0B-43E4-BF72-4550090DBB91} = {A0D781B3-8405-499A-ACE4-E64AAEA63C22}
		{7E159F22-4928-4529-8FF7-E163586ED167} = {9789C7A5-7778-4DDF-8223-FA7432398234}
		{CEC6A9F4-E2CF-46F2-98D1-E38D01AD0D9A} = {9789C7A5-7778-4DDF-8223-FA7432398234}
		{690FC0B6-A25C-432C-82A8-B4150CF83F8B} = {9789C7A5-7778-4DDF-8223-FA7432398234}
	EndGlobalSection
	GlobalSection(ExtensibilityGlobals) = postSolution
		SolutionGuid = {2D7973D5-5B5E-4E1C-A716-FB54163D1DA6}
	EndGlobalSection
EndGlobal
